
Microsoft Visual Studio Solution File, Format Version 12.00
# Visual Studio Version 17
VisualStudioVersion = 17.5.33530.505
MinimumVisualStudioVersion = 10.0.40219.1
Project("{FAE04EC0-301F-11D3-BF4B-00C04F79EFBC}") = "UI", "Fuzztastic\UI.csproj", "{567B59BC-D072-4B51-8B44-3201D72E11A2}"
EndProject
Global
	GlobalSection(SolutionConfigurationPlatforms) = preSolution
		Debug|Any CPU = Debug|Any CPU
		Release|Any CPU = Release|Any CPU
	EndGlobalSection
	GlobalSection(ProjectConfigurationPlatforms) = postSolution
		{567B59BC-D072-4B51-8B44-3201D72E11A2}.Debug|Any CPU.ActiveCfg = Debug|Any CPU
		{567B59BC-D072-4B51-8B44-3201D72E11A2}.Debug|Any CPU.Build.0 = Debug|Any CPU
		{567B59BC-D072-4B51-8B44-3201D72E11A2}.Release|Any CPU.ActiveCfg = Release|Any CPU
		{567B59BC-D072-4B51-8B44-3201D72E11A2}.Release|Any CPU.Build.0 = Release|Any CPU
	EndGlobalSection
	GlobalSection(SolutionProperties) = preSolution
		HideSolutionNode = FALSE
	EndGlobalSection
	GlobalSection(ExtensibilityGlobals) = postSolution
		SolutionGuid = {477FA153-C875-4B4C-A292-1A375B8113EF}
	EndGlobalSection
EndGlobal
